
Microsoft Visual Studio Solution File, Format Version 12.00
# Visual Studio Version 17
VisualStudioVersion = 17.13.35806.99 d17.13
MinimumVisualStudioVersion = 10.0.40219.1
Project("{FAE04EC0-301F-11D3-BF4B-00C04F79EFBC}") = "testForJson", "testForJson\testForJson.csproj", "{52EBEC0D-94EA-4DA2-AFEF-9B64B77E65A7}"
EndProject
Global
	GlobalSection(SolutionConfigurationPlatforms) = preSolution
		Debug|Any CPU = Debug|Any CPU
		Release|Any CPU = Release|Any CPU
	EndGlobalSection
	GlobalSection(ProjectConfigurationPlatforms) = postSolution
		{52EBEC0D-94EA-4DA2-AFEF-9B64B77E65A7}.Debug|Any CPU.ActiveCfg = Debug|Any CPU
		{52EBEC0D-94EA-4DA2-AFEF-9B64B77E65A7}.Debug|Any CPU.Build.0 = Debug|Any CPU
		{52EBEC0D-94EA-4DA2-AFEF-9B64B77E65A7}.Release|Any CPU.ActiveCfg = Release|Any CPU
		{52EBEC0D-94EA-4DA2-AFEF-9B64B77E65A7}.Release|Any CPU.Build.0 = Release|Any CPU
	EndGlobalSection
	GlobalSection(SolutionProperties) = preSolution
		HideSolutionNode = FALSE
	EndGlobalSection
	GlobalSection(ExtensibilityGlobals) = postSolution
		SolutionGuid = {7E2F83B3-8516-477A-8D19-B7E20CD7577D}
	EndGlobalSection
EndGlobal
